
Microsoft Visual Studio Solution File, Format Version 12.00
# Visual Studio Version 17
VisualStudioVersion = 17.5.33414.496
MinimumVisualStudioVersion = 10.0.40219.1
Project("{9A19103F-16F7-4668-BE54-9A1E7A4F7556}") = "CollegeScorePredictor", "CollegeScorePredictor.csproj", "{5081802D-7778-4477-916D-2D0C4B1F2887}"
EndProject
Project("{2150E333-8FDC-42A3-9474-1A3956D46DE8}") = "Solution Items", "Solution Items", "{6F023ACA-5D73-48E5-AC94-84D9E0E75AD5}"
	ProjectSection(SolutionItems) = preProject
		.editorconfig = .editorconfig
	EndProjectSection
EndProject
Project("{00D1A9C2-B5F0-4AF3-8072-F6C62B433612}") = "CSP.Database", "..\CSP.Database\CSP.Database.sqlproj", "{AB92166E-FEDA-4FB8-9D3C-EB40A7CA6DD1}"
EndProject
Global
	GlobalSection(SolutionConfigurationPlatforms) = preSolution
		Debug|Any CPU = Debug|Any CPU
		Release|Any CPU = Release|Any CPU
	EndGlobalSection
	GlobalSection(ProjectConfigurationPlatforms) = postSolution
		{5081802D-7778-4477-916D-2D0C4B1F2887}.Debug|Any CPU.ActiveCfg = Debug|Any CPU
		{5081802D-7778-4477-916D-2D0C4B1F2887}.Debug|Any CPU.Build.0 = Debug|Any CPU
		{5081802D-7778-4477-916D-2D0C4B1F2887}.Release|Any CPU.ActiveCfg = Release|Any CPU
		{5081802D-7778-4477-916D-2D0C4B1F2887}.Release|Any CPU.Build.0 = Release|Any CPU
		{AB92166E-FEDA-4FB8-9D3C-EB40A7CA6DD1}.Debug|Any CPU.ActiveCfg = Debug|Any CPU
		{AB92166E-FEDA-4FB8-9D3C-EB40A7CA6DD1}.Debug|Any CPU.Build.0 = Debug|Any CPU
		{AB92166E-FEDA-4FB8-9D3C-EB40A7CA6DD1}.Debug|Any CPU.Deploy.0 = Debug|Any CPU
		{AB92166E-FEDA-4FB8-9D3C-EB40A7CA6DD1}.Release|Any CPU.ActiveCfg = Release|Any CPU
		{AB92166E-FEDA-4FB8-9D3C-EB40A7CA6DD1}.Release|Any CPU.Build.0 = Release|Any CPU
		{AB92166E-FEDA-4FB8-9D3C-EB40A7CA6DD1}.Release|Any CPU.Deploy.0 = Release|Any CPU
	EndGlobalSection
	GlobalSection(SolutionProperties) = preSolution
		HideSolutionNode = FALSE
	EndGlobalSection
	GlobalSection(ExtensibilityGlobals) = postSolution
		SolutionGuid = {8CB1F931-7366-47B9-8EE0-B050919BA696}
	EndGlobalSection
EndGlobal
